
Microsoft Visual Studio Solution File, Format Version 12.00
# Visual Studio Version 16
VisualStudioVersion = 16.0.31410.357
MinimumVisualStudioVersion = 10.0.40219.1
Project("{FAE04EC0-301F-11D3-BF4B-00C04F79EFBC}") = "IDA.App.UWP", "IDA.App.UWP\IDA.App.UWP.csproj", "{2385BA64-C0E0-4B71-87F5-B71D91BF95AB}"
EndProject
Project("{FAE04EC0-301F-11D3-BF4B-00C04F79EFBC}") = "IDA.App.Android", "IDA.App.Android\IDA.App.Android.csproj", "{392F8974-093B-4FDC-BB48-783271C6F192}"
EndProject
Project("{FAE04EC0-301F-11D3-BF4B-00C04F79EFBC}") = "IDA.App.iOS", "IDA.App.iOS\IDA.App.iOS.csproj", "{ADA0094E-1E49-42AC-98C7-644F6062D989}"
EndProject
Project("{9A19103F-16F7-4668-BE54-9A1E7A4F7556}") = "IDA.App", "IDA.App\IDA.App.csproj", "{2ED17D19-7758-4E6B-BE55-5CEC05267C85}"
EndProject
Global
	GlobalSection(SolutionConfigurationPlatforms) = preSolution
		Debug|Any CPU = Debug|Any CPU
		Debug|ARM = Debug|ARM
		Debug|iPhone = Debug|iPhone
		Debug|iPhoneSimulator = Debug|iPhoneSimulator
		Debug|x64 = Debug|x64
		Debug|x86 = Debug|x86
		Release|Any CPU = Release|Any CPU
		Release|ARM = Release|ARM
		Release|iPhone = Release|iPhone
		Release|iPhoneSimulator = Release|iPhoneSimulator
		Release|x64 = Release|x64
		Release|x86 = Release|x86
	EndGlobalSection
	GlobalSection(ProjectConfigurationPlatforms) = postSolution
		{2385BA64-C0E0-4B71-87F5-B71D91BF95AB}.Debug|Any CPU.ActiveCfg = Debug|x86
		{2385BA64-C0E0-4B71-87F5-B71D91BF95AB}.Debug|Any CPU.Build.0 = Debug|x86
		{2385BA64-C0E0-4B71-87F5-B71D91BF95AB}.Debug|Any CPU.Deploy.0 = Debug|x86
		{2385BA64-C0E0-4B71-87F5-B71D91BF95AB}.Debug|ARM.ActiveCfg = Debug|ARM
		{2385BA64-C0E0-4B71-87F5-B71D91BF95AB}.Debug|ARM.Build.0 = Debug|ARM
		{2385BA64-C0E0-4B71-87F5-B71D91BF95AB}.Debug|ARM.Deploy.0 = Debug|ARM
		{2385BA64-C0E0-4B71-87F5-B71D91BF95AB}.Debug|iPhone.ActiveCfg = Debug|x86
		{2385BA64-C0E0-4B71-87F5-B71D91BF95AB}.Debug|iPhone.Build.0 = Debug|x86
		{2385BA64-C0E0-4B71-87F5-B71D91BF95AB}.Debug|iPhone.Deploy.0 = Debug|x86
		{2385BA64-C0E0-4B71-87F5-B71D91BF95AB}.Debug|iPhoneSimulator.ActiveCfg = Debug|x86
		{2385BA64-C0E0-4B71-87F5-B71D91BF95AB}.Debug|iPhoneSimulator.Build.0 = Debug|x86
		{2385BA64-C0E0-4B71-87F5-B71D91BF95AB}.Debug|iPhoneSimulator.Deploy.0 = Debug|x86
		{2385BA64-C0E0-4B71-87F5-B71D91BF95AB}.Debug|x64.ActiveCfg = Debug|x64
		{2385BA64-C0E0-4B71-87F5-B71D91BF95AB}.Debug|x64.Build.0 = Debug|x64
		{2385BA64-C0E0-4B71-87F5-B71D91BF95AB}.Debug|x64.Deploy.0 = Debug|x64
		{2385BA64-C0E0-4B71-87F5-B71D91BF95AB}.Debug|x86.ActiveCfg = Debug|x86
		{2385BA64-C0E0-4B71-87F5-B71D91BF95AB}.Debug|x86.Build.0 = Debug|x86
		{2385BA64-C0E0-4B71-87F5-B71D91BF95AB}.Debug|x86.Deploy.0 = Debug|x86
		{2385BA64-C0E0-4B71-87F5-B71D91BF95AB}.Release|Any CPU.ActiveCfg = Release|x86
		{2385BA64-C0E0-4B71-87F5-B71D91BF95AB}.Release|Any CPU.Build.0 = Release|x86
		{2385BA64-C0E0-4B71-87F5-B71D91BF95AB}.Release|Any CPU.Deploy.0 = Release|x86
		{2385BA64-C0E0-4B71-87F5-B71D91BF95AB}.Release|ARM.ActiveCfg = Release|ARM
		{2385BA64-C0E0-4B71-87F5-B71D91BF95AB}.Release|ARM.Build.0 = Release|ARM
		{2385BA64-C0E0-4B71-87F5-B71D91BF95AB}.Release|ARM.Deploy.0 = Release|ARM
		{2385BA64-C0E0-4B71-87F5-B71D91BF95AB}.Release|iPhone.ActiveCfg = Release|x86
		{2385BA64-C0E0-4B71-87F5-B71D91BF95AB}.Release|iPhone.Build.0 = Release|x86
		{2385BA64-C0E0-4B71-87F5-B71D91BF95AB}.Release|iPhone.Deploy.0 = Release|x86
		{2385BA64-C0E0-4B71-87F5-B71D91BF95AB}.Release|iPhoneSimulator.ActiveCfg = Release|x86
		{2385BA64-C0E0-4B71-87F5-B71D91BF95AB}.Release|iPhoneSimulator.Build.0 = Release|x86
		{2385BA64-C0E0-4B71-87F5-B71D91BF95AB}.Release|iPhoneSimulator.Deploy.0 = Release|x86
		{2385BA64-C0E0-4B71-87F5-B71D91BF95AB}.Release|x64.ActiveCfg = Release|x64
		{2385BA64-C0E0-4B71-87F5-B71D91BF95AB}.Release|x64.Build.0 = Release|x64
		{2385BA64-C0E0-4B71-87F5-B71D91BF95AB}.Release|x64.Deploy.0 = Release|x64
		{2385BA64-C0E0-4B71-87F5-B71D91BF95AB}.Release|x86.ActiveCfg = Release|x86
		{2385BA64-C0E0-4B71-87F5-B71D91BF95AB}.Release|x86.Build.0 = Release|x86
		{2385BA64-C0E0-4B71-87F5-B71D91BF95AB}.Release|x86.Deploy.0 = Release|x86
		{392F8974-093B-4FDC-BB48-783271C6F192}.Debug|Any CPU.ActiveCfg = Debug|Any CPU
		{392F8974-093B-4FDC-BB48-783271C6F192}.Debug|Any CPU.Build.0 = Debug|Any CPU
		{392F8974-093B-4FDC-BB48-783271C6F192}.Debug|Any CPU.Deploy.0 = Debug|Any CPU
		{392F8974-093B-4FDC-BB48-783271C6F192}.Debug|ARM.ActiveCfg = Debug|Any CPU
		{392F8974-093B-4FDC-BB48-783271C6F192}.Debug|ARM.Build.0 = Debug|Any CPU
		{392F8974-093B-4FDC-BB48-783271C6F192}.Debug|ARM.Deploy.0 = Debug|Any CPU
		{392F8974-093B-4FDC-BB48-783271C6F192}.Debug|iPhone.ActiveCfg = Debug|Any CPU
		{392F8974-093B-4FDC-BB48-783271C6F192}.Debug|iPhone.Build.0 = Debug|Any CPU
		{392F8974-093B-4FDC-BB48-783271C6F192}.Debug|iPhone.Deploy.0 = Debug|Any CPU
		{392F8974-093B-4FDC-BB48-783271C6F192}.Debug|iPhoneSimulator.ActiveCfg = Debug|Any CPU
		{392F8974-093B-4FDC-BB48-783271C6F192}.Debug|iPhoneSimulator.Build.0 = Debug|Any CPU
		{392F8974-093B-4FDC-BB48-783271C6F192}.Debug|iPhoneSimulator.Deploy.0 = Debug|Any CPU
		{392F8974-093B-4FDC-BB48-783271C6F192}.Debug|x64.ActiveCfg = Debug|Any CPU
		{392F8974-093B-4FDC-BB48-783271C6F192}.Debug|x64.Build.0 = Debug|Any CPU
		{392F8974-093B-4FDC-BB48-783271C6F192}.Debug|x64.Deploy.0 = Debug|Any CPU
		{392F8974-093B-4FDC-BB48-783271C6F192}.Debug|x86.ActiveCfg = Debug|Any CPU
		{392F8974-093B-4FDC-BB48-783271C6F192}.Debug|x86.Build.0 = Debug|Any CPU
		{392F8974-093B-4FDC-BB48-783271C6F192}.Debug|x86.Deploy.0 = Debug|Any CPU
		{392F8974-093B-4FDC-BB48-783271C6F192}.Release|Any CPU.ActiveCfg = Release|Any CPU
		{392F8974-093B-4FDC-BB48-783271C6F192}.Release|Any CPU.Build.0 = Release|Any CPU
		{392F8974-093B-4FDC-BB48-783271C6F192}.Release|Any CPU.Deploy.0 = Release|Any CPU
		{392F8974-093B-4FDC-BB48-783271C6F192}.Release|ARM.ActiveCfg = Release|Any CPU
		{392F8974-093B-4FDC-BB48-783271C6F192}.Release|ARM.Build.0 = Release|Any CPU
		{392F8974-093B-4FDC-BB48-783271C6F192}.Release|ARM.Deploy.0 = Release|Any CPU
		{392F8974-093B-4FDC-BB48-783271C6F192}.Release|iPhone.ActiveCfg = Release|Any CPU
		{392F8974-093B-4FDC-BB48-783271C6F192}.Release|iPhone.Build.0 = Release|Any CPU
		{392F8974-093B-4FDC-BB48-783271C6F192}.Release|iPhone.Deploy.0 = Release|Any CPU
		{392F8974-093B-4FDC-BB48-783271C6F192}.Release|iPhoneSimulator.ActiveCfg = Release|Any CPU
		{392F8974-093B-4FDC-BB48-783271C6F192}.Release|iPhoneSimulator.Build.0 = Release|Any CPU
		{392F8974-093B-4FDC-BB48-783271C6F192}.Release|iPhoneSimulator.Deploy.0 = Release|Any CPU
		{392F8974-093B-4FDC-BB48-783271C6F192}.Release|x64.ActiveCfg = Release|Any CPU
		{392F8974-093B-4FDC-BB48-783271C6F192}.Release|x64.Build.0 = Release|Any CPU
		{392F8974-093B-4FDC-BB48-783271C6F192}.Release|x64.Deploy.0 = Release|Any CPU
		{392F8974-093B-4FDC-BB48-783271C6F192}.Release|x86.ActiveCfg = Release|Any CPU
		{392F8974-093B-4FDC-BB48-783271C6F192}.Release|x86.Build.0 = Release|Any CPU
		{392F8974-093B-4FDC-BB48-783271C6F192}.Release|x86.Deploy.0 = Release|Any CPU
		{ADA0094E-1E49-42AC-98C7-644F6062D989}.Debug|Any CPU.ActiveCfg = Debug|iPhoneSimulator
		{ADA0094E-1E49-42AC-98C7-644F6062D989}.Debug|Any CPU.Build.0 = Debug|iPhoneSimulator
		{ADA0094E-1E49-42AC-98C7-644F6062D989}.Debug|Any CPU.Deploy.0 = Debug|iPhoneSimulator
		{ADA0094E-1E49-42AC-98C7-644F6062D989}.Debug|ARM.ActiveCfg = Debug|iPhone
		{ADA0094E-1E49-42AC-98C7-644F6062D989}.Debug|ARM.Build.0 = Debug|iPhone
		{ADA0094E-1E49-42AC-98C7-644F6062D989}.Debug|ARM.Deploy.0 = Debug|iPhone
		{ADA0094E-1E49-42AC-98C7-644F6062D989}.Debug|iPhone.ActiveCfg = Debug|iPhone
		{ADA0094E-1E49-42AC-98C7-644F6062D989}.Debug|iPhone.Build.0 = Debug|iPhone
		{ADA0094E-1E49-42AC-98C7-644F6062D989}.Debug|iPhone.Deploy.0 = Debug|iPhone
		{ADA0094E-1E49-42AC-98C7-644F6062D989}.Debug|iPhoneSimulator.ActiveCfg = Debug|iPhoneSimulator
		{ADA0094E-1E49-42AC-98C7-644F6062D989}.Debug|iPhoneSimulator.Build.0 = Debug|iPhoneSimulator
		{ADA0094E-1E49-42AC-98C7-644F6062D989}.Debug|iPhoneSimulator.Deploy.0 = Debug|iPhoneSimulator
		{ADA0094E-1E49-42AC-98C7-644F6062D989}.Debug|x64.ActiveCfg = Debug|iPhoneSimulator
		{ADA0094E-1E49-42AC-98C7-644F6062D989}.Debug|x64.Build.0 = Debug|iPhoneSimulator
		{ADA0094E-1E49-42AC-98C7-644F6062D989}.Debug|x64.Deploy.0 = Debug|iPhoneSimulator
		{ADA0094E-1E49-42AC-98C7-644F6062D989}.Debug|x86.ActiveCfg = Debug|iPhoneSimulator
		{ADA0094E-1E49-42AC-98C7-644F6062D989}.Debug|x86.Build.0 = Debug|iPhoneSimulator
		{ADA0094E-1E49-42AC-98C7-644F6062D989}.Debug|x86.Deploy.0 = Debug|iPhoneSimulator
		{ADA0094E-1E49-42AC-98C7-644F6062D989}.Release|Any CPU.ActiveCfg = Release|iPhoneSimulator
		{ADA0094E-1E49-42AC-98C7-644F6062D989}.Release|Any CPU.Build.0 = Release|iPhoneSimulator
		{ADA0094E-1E49-42AC-98C7-644F6062D989}.Release|Any CPU.Deploy.0 = Release|iPhoneSimulator
		{ADA0094E-1E49-42AC-98C7-644F6062D989}.Release|ARM.ActiveCfg = Release|iPhoneSimulator
		{ADA0094E-1E49-42AC-98C7-644F6062D989}.Release|ARM.Build.0 = Release|iPhoneSimulator
		{ADA0094E-1E49-42AC-98C7-644F6062D989}.Release|ARM.Deploy.0 = Release|iPhoneSimulator
		{ADA0094E-1E49-42AC-98C7-644F6062D989}.Release|iPhone.ActiveCfg = Release|iPhone
		{ADA0094E-1E49-42AC-98C7-644F6062D989}.Release|iPhone.Build.0 = Release|iPhone
		{ADA0094E-1E49-42AC-98C7-644F6062D989}.Release|iPhone.Deploy.0 = Release|iPhone
		{ADA0094E-1E49-42AC-98C7-644F6062D989}.Release|iPhoneSimulator.ActiveCfg = Release|iPhoneSimulator
		{ADA0094E-1E49-42AC-98C7-644F6062D989}.Release|iPhoneSimulator.Build.0 = Release|iPhoneSimulator
		{ADA0094E-1E49-42AC-98C7-644F6062D989}.Release|iPhoneSimulator.Deploy.0 = Release|iPhoneSimulator
		{ADA0094E-1E49-42AC-98C7-644F6062D989}.Release|x64.ActiveCfg = Release|iPhoneSimulator
		{ADA0094E-1E49-42AC-98C7-644F6062D989}.Release|x64.Build.0 = Release|iPhoneSimulator
		{ADA0094E-1E49-42AC-98C7-644F6062D989}.Release|x64.Deploy.0 = Release|iPhoneSimulator
		{ADA0094E-1E49-42AC-98C7-644F6062D989}.Release|x86.ActiveCfg = Release|iPhoneSimulator
		{ADA0094E-1E49-42AC-98C7-644F6062D989}.Release|x86.Build.0 = Release|iPhoneSimulator
		{ADA0094E-1E49-42AC-98C7-644F6062D989}.Release|x86.Deploy.0 = Release|iPhoneSimulator
		{2ED17D19-7758-4E6B-BE55-5CEC05267C85}.Debug|Any CPU.ActiveCfg = Debug|Any CPU
		{2ED17D19-7758-4E6B-BE55-5CEC05267C85}.Debug|Any CPU.Build.0 = Debug|Any CPU
		{2ED17D19-7758-4E6B-BE55-5CEC05267C85}.Debug|Any CPU.Deploy.0 = Debug|Any CPU
		{2ED17D19-7758-4E6B-BE55-5CEC05267C85}.Debug|ARM.ActiveCfg = Debug|Any CPU
		{2ED17D19-7758-4E6B-BE55-5CEC05267C85}.Debug|ARM.Build.0 = Debug|Any CPU
		{2ED17D19-7758-4E6B-BE55-5CEC05267C85}.Debug|ARM.Deploy.0 = Debug|Any CPU
		{2ED17D19-7758-4E6B-BE55-5CEC05267C85}.Debug|iPhone.ActiveCfg = Debug|Any CPU
		{2ED17D19-7758-4E6B-BE55-5CEC05267C85}.Debug|iPhone.Build.0 = Debug|Any CPU
		{2ED17D19-7758-4E6B-BE55-5CEC05267C85}.Debug|iPhone.Deploy.0 = Debug|Any CPU
		{2ED17D19-7758-4E6B-BE55-5CEC05267C85}.Debug|iPhoneSimulator.ActiveCfg = Debug|Any CPU
		{2ED17D19-7758-4E6B-BE55-5CEC05267C85}.Debug|iPhoneSimulator.Build.0 = Debug|Any CPU
		{2ED17D19-7758-4E6B-BE55-5CEC05267C85}.Debug|iPhoneSimulator.Deploy.0 = Debug|Any CPU
		{2ED17D19-7758-4E6B-BE55-5CEC05267C85}.Debug|x64.ActiveCfg = Debug|Any CPU
		{2ED17D19-7758-4E6B-BE55-5CEC05267C85}.Debug|x64.Build.0 = Debug|Any CPU
		{2ED17D19-7758-4E6B-BE55-5CEC05267C85}.Debug|x64.Deploy.0 = Debug|Any CPU
		{2ED17D19-7758-4E6B-BE55-5CEC05267C85}.Debug|x86.ActiveCfg = Debug|Any CPU
		{2ED17D19-7758-4E6B-BE55-5CEC05267C85}.Debug|x86.Build.0 = Debug|Any CPU
		{2ED17D19-7758-4E6B-BE55-5CEC05267C85}.Debug|x86.Deploy.0 = Debug|Any CPU
		{2ED17D19-7758-4E6B-BE55-5CEC05267C85}.Release|Any CPU.ActiveCfg = Release|Any CPU
		{2ED17D19-7758-4E6B-BE55-5CEC05267C85}.Release|Any CPU.Build.0 = Release|Any CPU
		{2ED17D19-7758-4E6B-BE55-5CEC05267C85}.Release|Any CPU.Deploy.0 = Release|Any CPU
		{2ED17D19-7758-4E6B-BE55-5CEC05267C85}.Release|ARM.ActiveCfg = Release|Any CPU
		{2ED17D19-7758-4E6B-BE55-5CEC05267C85}.Release|ARM.Build.0 = Release|Any CPU
		{2ED17D19-7758-4E6B-BE55-5CEC05267C85}.Release|ARM.Deploy.0 = Release|Any CPU
		{2ED17D19-7758-4E6B-BE55-5CEC05267C85}.Release|iPhone.ActiveCfg = Release|Any CPU
		{2ED17D19-7758-4E6B-BE55-5CEC05267C85}.Release|iPhone.Build.0 = Release|Any CPU
		{2ED17D19-7758-4E6B-BE55-5CEC05267C85}.Release|iPhone.Deploy.0 = Release|Any CPU
		{2ED17D19-7758-4E6B-BE55-5CEC05267C85}.Release|iPhoneSimulator.ActiveCfg = Release|Any CPU
		{2ED17D19-7758-4E6B-BE55-5CEC05267C85}.Release|iPhoneSimulator.Build.0 = Release|Any CPU
		{2ED17D19-7758-4E6B-BE55-5CEC05267C85}.Release|iPhoneSimulator.Deploy.0 = Release|Any CPU
		{2ED17D19-7758-4E6B-BE55-5CEC05267C85}.Release|x64.ActiveCfg = Release|Any CPU
		{2ED17D19-7758-4E6B-BE55-5CEC05267C85}.Release|x64.Build.0 = Release|Any CPU
		{2ED17D19-7758-4E6B-BE55-5CEC05267C85}.Release|x64.Deploy.0 = Release|Any CPU
		{2ED17D19-7758-4E6B-BE55-5CEC05267C85}.Release|x86.ActiveCfg = Release|Any CPU
		{2ED17D19-7758-4E6B-BE55-5CEC05267C85}.Release|x86.Build.0 = Release|Any CPU
		{2ED17D19-7758-4E6B-BE55-5CEC05267C85}.Release|x86.Deploy.0 = Release|Any CPU
	EndGlobalSection
	GlobalSection(SolutionProperties) = preSolution
		HideSolutionNode = FALSE
	EndGlobalSection
	GlobalSection(ExtensibilityGlobals) = postSolution
		SolutionGuid = {E89AD751-202D-4C07-8BC1-052CA4F1D0F3}
	EndGlobalSection
EndGlobal
